
Microsoft Visual Studio Solution File, Format Version 12.00
# Visual Studio 15
Project("{FAE04EC0-301F-11D3-BF4B-00C04F79EFBC}") = "Assembly-CSharp", "Assembly-CSharp.csproj", "{FF4256FF-FEDC-3A39-A21D-683E30EFC54A}"
EndProject
Project("{FAE04EC0-301F-11D3-BF4B-00C04F79EFBC}") = "Oculus.VR", "Oculus.VR.csproj", "{26BDCA20-B28F-49D6-ECE0-1EB65C45E2F2}"
EndProject
Project("{FAE04EC0-301F-11D3-BF4B-00C04F79EFBC}") = "Assembly-CSharp-Editor", "Assembly-CSharp-Editor.csproj", "{D37E59C7-3978-DBE8-0C57-6662591147F9}"
EndProject
Project("{FAE04EC0-301F-11D3-BF4B-00C04F79EFBC}") = "Oculus.VR.Scripts.Editor", "Oculus.VR.Scripts.Editor.csproj", "{0D294C67-C249-1938-E313-5AA780F56CEC}"
EndProject
Project("{FAE04EC0-301F-11D3-BF4B-00C04F79EFBC}") = "Oculus.VR.Editor", "Oculus.VR.Editor.csproj", "{F74DD7FB-FDFF-8BCF-A82A-BA567314B823}"
EndProject
Global
	GlobalSection(SolutionConfigurationPlatforms) = preSolution
		Debug|Any CPU = Debug|Any CPU
		Release|Any CPU = Release|Any CPU
	EndGlobalSection
	GlobalSection(ProjectConfigurationPlatforms) = postSolution
		{FF4256FF-FEDC-3A39-A21D-683E30EFC54A}.Debug|Any CPU.ActiveCfg = Debug|Any CPU
		{FF4256FF-FEDC-3A39-A21D-683E30EFC54A}.Debug|Any CPU.Build.0 = Debug|Any CPU
		{FF4256FF-FEDC-3A39-A21D-683E30EFC54A}.Release|Any CPU.ActiveCfg = Release|Any CPU
		{FF4256FF-FEDC-3A39-A21D-683E30EFC54A}.Release|Any CPU.Build.0 = Release|Any CPU
		{26BDCA20-B28F-49D6-ECE0-1EB65C45E2F2}.Debug|Any CPU.ActiveCfg = Debug|Any CPU
		{26BDCA20-B28F-49D6-ECE0-1EB65C45E2F2}.Debug|Any CPU.Build.0 = Debug|Any CPU
		{26BDCA20-B28F-49D6-ECE0-1EB65C45E2F2}.Release|Any CPU.ActiveCfg = Release|Any CPU
		{26BDCA20-B28F-49D6-ECE0-1EB65C45E2F2}.Release|Any CPU.Build.0 = Release|Any CPU
		{D37E59C7-3978-DBE8-0C57-6662591147F9}.Debug|Any CPU.ActiveCfg = Debug|Any CPU
		{D37E59C7-3978-DBE8-0C57-6662591147F9}.Debug|Any CPU.Build.0 = Debug|Any CPU
		{D37E59C7-3978-DBE8-0C57-6662591147F9}.Release|Any CPU.ActiveCfg = Release|Any CPU
		{D37E59C7-3978-DBE8-0C57-6662591147F9}.Release|Any CPU.Build.0 = Release|Any CPU
		{0D294C67-C249-1938-E313-5AA780F56CEC}.Debug|Any CPU.ActiveCfg = Debug|Any CPU
		{0D294C67-C249-1938-E313-5AA780F56CEC}.Debug|Any CPU.Build.0 = Debug|Any CPU
		{0D294C67-C249-1938-E313-5AA780F56CEC}.Release|Any CPU.ActiveCfg = Release|Any CPU
		{0D294C67-C249-1938-E313-5AA780F56CEC}.Release|Any CPU.Build.0 = Release|Any CPU
		{F74DD7FB-FDFF-8BCF-A82A-BA567314B823}.Debug|Any CPU.ActiveCfg = Debug|Any CPU
		{F74DD7FB-FDFF-8BCF-A82A-BA567314B823}.Debug|Any CPU.Build.0 = Debug|Any CPU
		{F74DD7FB-FDFF-8BCF-A82A-BA567314B823}.Release|Any CPU.ActiveCfg = Release|Any CPU
		{F74DD7FB-FDFF-8BCF-A82A-BA567314B823}.Release|Any CPU.Build.0 = Release|Any CPU
	EndGlobalSection
	GlobalSection(SolutionProperties) = preSolution
		HideSolutionNode = FALSE
	EndGlobalSection
EndGlobal
