
Microsoft Visual Studio Solution File, Format Version 12.00
# Visual Studio 15
Project("{FAE04EC0-301F-11D3-BF4B-00C04F79EFBC}") = "Assembly-CSharp", "Assembly-CSharp.csproj", "{2EE3ADEA-53C1-5E6E-BC61-F29086E2C8EA}"
EndProject
Project("{FAE04EC0-301F-11D3-BF4B-00C04F79EFBC}") = "Oculus.VR", "Oculus.VR.csproj", "{76AB1FCF-F183-A9B7-A4C7-E3790FC7F76B}"
EndProject
Project("{FAE04EC0-301F-11D3-BF4B-00C04F79EFBC}") = "Assembly-CSharp-Editor", "Assembly-CSharp-Editor.csproj", "{D4B9EF58-76AA-1D1C-1EC9-6D47DD5DC017}"
EndProject
Project("{FAE04EC0-301F-11D3-BF4B-00C04F79EFBC}") = "Oculus.VR.Scripts.Editor", "Oculus.VR.Scripts.Editor.csproj", "{A7BFB45F-8384-70C8-6907-B0DAC06B1569}"
EndProject
Project("{FAE04EC0-301F-11D3-BF4B-00C04F79EFBC}") = "Oculus.VR.Editor", "Oculus.VR.Editor.csproj", "{E8ED5B0B-C493-BF64-EFC2-7012151FE270}"
EndProject
Project("{FAE04EC0-301F-11D3-BF4B-00C04F79EFBC}") = "Assembly-CSharp-Editor-firstpass", "Assembly-CSharp-Editor-firstpass.csproj", "{CFEB9CD8-66C1-ECD2-057D-6A5F96A56919}"
EndProject
Global
	GlobalSection(SolutionConfigurationPlatforms) = preSolution
		Debug|Any CPU = Debug|Any CPU
		Release|Any CPU = Release|Any CPU
	EndGlobalSection
	GlobalSection(ProjectConfigurationPlatforms) = postSolution
		{2EE3ADEA-53C1-5E6E-BC61-F29086E2C8EA}.Debug|Any CPU.ActiveCfg = Debug|Any CPU
		{2EE3ADEA-53C1-5E6E-BC61-F29086E2C8EA}.Debug|Any CPU.Build.0 = Debug|Any CPU
		{2EE3ADEA-53C1-5E6E-BC61-F29086E2C8EA}.Release|Any CPU.ActiveCfg = Release|Any CPU
		{2EE3ADEA-53C1-5E6E-BC61-F29086E2C8EA}.Release|Any CPU.Build.0 = Release|Any CPU
		{76AB1FCF-F183-A9B7-A4C7-E3790FC7F76B}.Debug|Any CPU.ActiveCfg = Debug|Any CPU
		{76AB1FCF-F183-A9B7-A4C7-E3790FC7F76B}.Debug|Any CPU.Build.0 = Debug|Any CPU
		{76AB1FCF-F183-A9B7-A4C7-E3790FC7F76B}.Release|Any CPU.ActiveCfg = Release|Any CPU
		{76AB1FCF-F183-A9B7-A4C7-E3790FC7F76B}.Release|Any CPU.Build.0 = Release|Any CPU
		{D4B9EF58-76AA-1D1C-1EC9-6D47DD5DC017}.Debug|Any CPU.ActiveCfg = Debug|Any CPU
		{D4B9EF58-76AA-1D1C-1EC9-6D47DD5DC017}.Debug|Any CPU.Build.0 = Debug|Any CPU
		{D4B9EF58-76AA-1D1C-1EC9-6D47DD5DC017}.Release|Any CPU.ActiveCfg = Release|Any CPU
		{D4B9EF58-76AA-1D1C-1EC9-6D47DD5DC017}.Release|Any CPU.Build.0 = Release|Any CPU
		{A7BFB45F-8384-70C8-6907-B0DAC06B1569}.Debug|Any CPU.ActiveCfg = Debug|Any CPU
		{A7BFB45F-8384-70C8-6907-B0DAC06B1569}.Debug|Any CPU.Build.0 = Debug|Any CPU
		{A7BFB45F-8384-70C8-6907-B0DAC06B1569}.Release|Any CPU.ActiveCfg = Release|Any CPU
		{A7BFB45F-8384-70C8-6907-B0DAC06B1569}.Release|Any CPU.Build.0 = Release|Any CPU
		{E8ED5B0B-C493-BF64-EFC2-7012151FE270}.Debug|Any CPU.ActiveCfg = Debug|Any CPU
		{E8ED5B0B-C493-BF64-EFC2-7012151FE270}.Debug|Any CPU.Build.0 = Debug|Any CPU
		{E8ED5B0B-C493-BF64-EFC2-7012151FE270}.Release|Any CPU.ActiveCfg = Release|Any CPU
		{E8ED5B0B-C493-BF64-EFC2-7012151FE270}.Release|Any CPU.Build.0 = Release|Any CPU
		{CFEB9CD8-66C1-ECD2-057D-6A5F96A56919}.Debug|Any CPU.ActiveCfg = Debug|Any CPU
		{CFEB9CD8-66C1-ECD2-057D-6A5F96A56919}.Debug|Any CPU.Build.0 = Debug|Any CPU
		{CFEB9CD8-66C1-ECD2-057D-6A5F96A56919}.Release|Any CPU.ActiveCfg = Release|Any CPU
		{CFEB9CD8-66C1-ECD2-057D-6A5F96A56919}.Release|Any CPU.Build.0 = Release|Any CPU
	EndGlobalSection
	GlobalSection(SolutionProperties) = preSolution
		HideSolutionNode = FALSE
	EndGlobalSection
EndGlobal
